
Microsoft Visual Studio Solution File, Format Version 12.00
# Visual Studio 14
VisualStudioVersion = 14.0.25420.1
MinimumVisualStudioVersion = 10.0.40219.1
Project("{FAE04EC0-301F-11D3-BF4B-00C04F79EFBC}") = "A17 Ex05 MatanMaron 021516083 MikiManor 310962212", "A17 Ex05 MatanMaron 021516083 MikiManor 310962212\A17 Ex05 MatanMaron 021516083 MikiManor 310962212.csproj", "{84DEA874-398B-45E5-9E4E-0B7FF3A6E680}"
EndProject
Global
	GlobalSection(SolutionConfigurationPlatforms) = preSolution
		Debug|Any CPU = Debug|Any CPU
		Release|Any CPU = Release|Any CPU
	EndGlobalSection
	GlobalSection(ProjectConfigurationPlatforms) = postSolution
		{84DEA874-398B-45E5-9E4E-0B7FF3A6E680}.Debug|Any CPU.ActiveCfg = Debug|Any CPU
		{84DEA874-398B-45E5-9E4E-0B7FF3A6E680}.Debug|Any CPU.Build.0 = Debug|Any CPU
		{84DEA874-398B-45E5-9E4E-0B7FF3A6E680}.Release|Any CPU.ActiveCfg = Release|Any CPU
		{84DEA874-398B-45E5-9E4E-0B7FF3A6E680}.Release|Any CPU.Build.0 = Release|Any CPU
	EndGlobalSection
	GlobalSection(SolutionProperties) = preSolution
		HideSolutionNode = FALSE
	EndGlobalSection
EndGlobal
